// !$*UTF8*$!
{
	archiveVersion = 1;
	classes = {
	};
	objectVersion = 56;
	objects = {

/* Begin PBXBuildFile section */
		20CF8713F497037C743BB981 /* Pods_QiblaGulf.framework in Frameworks */ = {isa = PBXBuildFile; fileRef = D98F276BF28D65570D59E0FA /* Pods_QiblaGulf.framework */; };
		D5A7CC7E2F20D99F008E9413 /* AdjustGoogleOdm in Frameworks */ = {isa = PBXBuildFile; productRef = D5A7CC7D2F20D99F008E9413 /* AdjustGoogleOdm */; };
		D5A7CC802F20D99F008E9413 /* AdjustSdk in Frameworks */ = {isa = PBXBuildFile; productRef = D5A7CC7F2F20D99F008E9413 /* AdjustSdk */; };
		D5A7CC842F20D99F008E9413 /* AdjustWebBridge in Frameworks */ = {isa = PBXBuildFile; productRef = D5A7CC832F20D99F008E9413 /* AdjustWebBridge */; };
		D5A7CC862F20DB90008E9413 /* GoogleService-Info.plist in Resources */ = {isa = PBXBuildFile; fileRef = D5A7CC852F20DB90008E9413 /* GoogleService-Info.plist */; };
		D5CA02642F2200C300C6C4EA /* AdjustSdk in Frameworks */ = {isa = PBXBuildFile; productRef = D5CA02632F2200C300C6C4EA /* AdjustSdk */; };
		D5CA02662F2200C300C6C4EA /* AdjustWebBridge in Frameworks */ = {isa = PBXBuildFile; productRef = D5CA02652F2200C300C6C4EA /* AdjustWebBridge */; };
		D5D276532F209B2500C27D25 /* Preview Assets.xcassets in Resources */ = {isa = PBXBuildFile; fileRef = D5D276492F209B2500C27D25 /* Preview Assets.xcassets */; };
		D5D276542F209B2500C27D25 /* Assets.xcassets in Resources */ = {isa = PBXBuildFile; fileRef = D5D2764D2F209B2500C27D25 /* Assets.xcassets */; };
		D5D276552F209B2500C27D25 /* Color+Theme.swift in Sources */ = {isa = PBXBuildFile; fileRef = D5D2762E2F209B2500C27D25 /* Color+Theme.swift */; };
		D5D276562F209B2500C27D25 /* View+Modifiers.swift in Sources */ = {isa = PBXBuildFile; fileRef = D5D2762F2F209B2500C27D25 /* View+Modifiers.swift */; };
		D5D276572F209B2500C27D25 /* IslamicModels.swift in Sources */ = {isa = PBXBuildFile; fileRef = D5D276312F209B2500C27D25 /* IslamicModels.swift */; };
		D5D276582F209B2500C27D25 /* Prayer.swift in Sources */ = {isa = PBXBuildFile; fileRef = D5D276322F209B2500C27D25 /* Prayer.swift */; };
		D5D276592F209B2500C27D25 /* MainTabView.swift in Sources */ = {isa = PBXBuildFile; fileRef = D5D276342F209B2500C27D25 /* MainTabView.swift */; };
		D5D2765A2F209B2500C27D25 /* HijriCalendarService.swift in Sources */ = {isa = PBXBuildFile; fileRef = D5D276362F209B2500C27D25 /* HijriCalendarService.swift */; };
		D5D2765B2F209B2500C27D25 /* LocationService.swift in Sources */ = {isa = PBXBuildFile; fileRef = D5D276372F209B2500C27D25 /* LocationService.swift */; };
		D5D2765C2F209B2500C27D25 /* NotificationService.swift in Sources */ = {isa = PBXBuildFile; fileRef = D5D276382F209B2500C27D25 /* NotificationService.swift */; };
		D5D2765D2F209B2500C27D25 /* PrayerTimeService.swift in Sources */ = {isa = PBXBuildFile; fileRef = D5D276392F209B2500C27D25 /* PrayerTimeService.swift */; };
		D5D2765E2F209B2500C27D25 /* HomeView.swift in Sources */ = {isa = PBXBuildFile; fileRef = D5D2763C2F209B2500C27D25 /* HomeView.swift */; };
		D5D2765F2F209B2500C27D25 /* MoreView.swift in Sources */ = {isa = PBXBuildFile; fileRef = D5D2763E2F209B2500C27D25 /* MoreView.swift */; };
		D5D276602F209B2500C27D25 /* OnboardingView.swift in Sources */ = {isa = PBXBuildFile; fileRef = D5D276402F209B2500C27D25 /* OnboardingView.swift */; };
		D5D276612F209B2500C27D25 /* PrayerView.swift in Sources */ = {isa = PBXBuildFile; fileRef = D5D276422F209B2500C27D25 /* PrayerView.swift */; };
		D5D276622F209B2500C27D25 /* QiblaView.swift in Sources */ = {isa = PBXBuildFile; fileRef = D5D276442F209B2500C27D25 /* QiblaView.swift */; };
		D5D276632F209B2500C27D25 /* QuranView.swift in Sources */ = {isa = PBXBuildFile; fileRef = D5D276462F209B2500C27D25 /* QuranView.swift */; };
		D5D276642F209B2500C27D25 /* A0.swift in Sources */ = {isa = PBXBuildFile; fileRef = D5D2764B2F209B2500C27D25 /* A0.swift */; };
		D5D276652F209B2500C27D25 /* AdManager.swift in Sources */ = {isa = PBXBuildFile; fileRef = D5D2764C2F209B2500C27D25 /* AdManager.swift */; };
		D5D276662F209B2500C27D25 /* K1.swift in Sources */ = {isa = PBXBuildFile; fileRef = D5D2764E2F209B2500C27D25 /* K1.swift */; };
		D5D276672F209B2500C27D25 /* M1.swift in Sources */ = {isa = PBXBuildFile; fileRef = D5D2764F2F209B2500C27D25 /* M1.swift */; };
		D5D276682F209B2500C27D25 /* QiblaGulfApp.swift in Sources */ = {isa = PBXBuildFile; fileRef = D5D276502F209B2500C27D25 /* QiblaGulfApp.swift */; };
		D5D276692F209B2500C27D25 /* UnityManager.swift in Sources */ = {isa = PBXBuildFile; fileRef = D5D276512F209B2500C27D25 /* UnityManager.swift */; };
		D5F9C14F2F20D43500EE107D /* FirebaseAnalytics in Frameworks */ = {isa = PBXBuildFile; productRef = D5F9C14E2F20D43500EE107D /* FirebaseAnalytics */; };
		D5F9C1512F20D43500EE107D /* FirebaseRemoteConfig in Frameworks */ = {isa = PBXBuildFile; productRef = D5F9C1502F20D43500EE107D /* FirebaseRemoteConfig */; };
		D5F9C1542F20D48900EE107D /* AdjustSdk in Frameworks */ = {isa = PBXBuildFile; productRef = D5F9C1532F20D48900EE107D /* AdjustSdk */; };
		D5F9C1582F20D48900EE107D /* AdjustWebBridge in Frameworks */ = {isa = PBXBuildFile; productRef = D5F9C1572F20D48900EE107D /* AdjustWebBridge */; };
		D5F9C15B2F20D49C00EE107D /* FingerprintPro in Frameworks */ = {isa = PBXBuildFile; productRef = D5F9C15A2F20D49C00EE107D /* FingerprintPro */; };
/* End PBXBuildFile section */

/* Begin PBXFileReference section */
		5996AA80E46A954BE24B3B6A /* Pods-QiblaGulf.release.xcconfig */ = {isa = PBXFileReference; includeInIndex = 1; lastKnownFileType = text.xcconfig; name = "Pods-QiblaGulf.release.xcconfig"; path = "Target Support Files/Pods-QiblaGulf/Pods-QiblaGulf.release.xcconfig"; sourceTree = "<group>"; };
		AC12230BC8115E17241F6474 /* Pods-QiblaGulf.debug.xcconfig */ = {isa = PBXFileReference; includeInIndex = 1; lastKnownFileType = text.xcconfig; name = "Pods-QiblaGulf.debug.xcconfig"; path = "Target Support Files/Pods-QiblaGulf/Pods-QiblaGulf.debug.xcconfig"; sourceTree = "<group>"; };
		D596037A2F10E934005798F3 /* QiblaGulf.app */ = {isa = PBXFileReference; explicitFileType = wrapper.application; includeInIndex = 0; path = QiblaGulf.app; sourceTree = BUILT_PRODUCTS_DIR; };
		D5A7CC852F20DB90008E9413 /* GoogleService-Info.plist */ = {isa = PBXFileReference; lastKnownFileType = text.plist.xml; path = "GoogleService-Info.plist"; sourceTree = "<group>"; };
		D5A7CC872F20DBAB008E9413 /* Info.plist */ = {isa = PBXFileReference; lastKnownFileType = text.plist; path = Info.plist; sourceTree = "<group>"; };
		D5D2762E2F209B2500C27D25 /* Color+Theme.swift */ = {isa = PBXFileReference; lastKnownFileType = sourcecode.swift; path = "Color+Theme.swift"; sourceTree = "<group>"; };
		D5D2762F2F209B2500C27D25 /* View+Modifiers.swift */ = {isa = PBXFileReference; lastKnownFileType = sourcecode.swift; path = "View+Modifiers.swift"; sourceTree = "<group>"; };
		D5D276312F209B2500C27D25 /* IslamicModels.swift */ = {isa = PBXFileReference; lastKnownFileType = sourcecode.swift; path = IslamicModels.swift; sourceTree = "<group>"; };
		D5D276322F209B2500C27D25 /* Prayer.swift */ = {isa = PBXFileReference; lastKnownFileType = sourcecode.swift; path = Prayer.swift; sourceTree = "<group>"; };
		D5D276342F209B2500C27D25 /* MainTabView.swift */ = {isa = PBXFileReference; lastKnownFileType = sourcecode.swift; path = MainTabView.swift; sourceTree = "<group>"; };
		D5D276362F209B2500C27D25 /* HijriCalendarService.swift */ = {isa = PBXFileReference; lastKnownFileType = sourcecode.swift; path = HijriCalendarService.swift; sourceTree = "<group>"; };
		D5D276372F209B2500C27D25 /* LocationService.swift */ = {isa = PBXFileReference; lastKnownFileType = sourcecode.swift; path = LocationService.swift; sourceTree = "<group>"; };
		D5D276382F209B2500C27D25 /* NotificationService.swift */ = {isa = PBXFileReference; lastKnownFileType = sourcecode.swift; path = NotificationService.swift; sourceTree = "<group>"; };
		D5D276392F209B2500C27D25 /* PrayerTimeService.swift */ = {isa = PBXFileReference; lastKnownFileType = sourcecode.swift; path = PrayerTimeService.swift; sourceTree = "<group>"; };
		D5D2763C2F209B2500C27D25 /* HomeView.swift */ = {isa = PBXFileReference; lastKnownFileType = sourcecode.swift; path = HomeView.swift; sourceTree = "<group>"; };
		D5D2763E2F209B2500C27D25 /* MoreView.swift */ = {isa = PBXFileReference; lastKnownFileType = sourcecode.swift; path = MoreView.swift; sourceTree = "<group>"; };
		D5D276402F209B2500C27D25 /* OnboardingView.swift */ = {isa = PBXFileReference; lastKnownFileType = sourcecode.swift; path = OnboardingView.swift; sourceTree = "<group>"; };
		D5D276422F209B2500C27D25 /* PrayerView.swift */ = {isa = PBXFileReference; lastKnownFileType = sourcecode.swift; path = PrayerView.swift; sourceTree = "<group>"; };
		D5D276442F209B2500C27D25 /* QiblaView.swift */ = {isa = PBXFileReference; lastKnownFileType = sourcecode.swift; path = QiblaView.swift; sourceTree = "<group>"; };
		D5D276462F209B2500C27D25 /* QuranView.swift */ = {isa = PBXFileReference; lastKnownFileType = sourcecode.swift; path = QuranView.swift; sourceTree = "<group>"; };
		D5D276492F209B2500C27D25 /* Preview Assets.xcassets */ = {isa = PBXFileReference; lastKnownFileType = folder.assetcatalog; path = "Preview Assets.xcassets"; sourceTree = "<group>"; };
		D5D2764B2F209B2500C27D25 /* A0.swift */ = {isa = PBXFileReference; lastKnownFileType = sourcecode.swift; path = A0.swift; sourceTree = "<group>"; };
		D5D2764C2F209B2500C27D25 /* AdManager.swift */ = {isa = PBXFileReference; lastKnownFileType = sourcecode.swift; path = AdManager.swift; sourceTree = "<group>"; };
		D5D2764D2F209B2500C27D25 /* Assets.xcassets */ = {isa = PBXFileReference; lastKnownFileType = folder.assetcatalog; path = Assets.xcassets; sourceTree = "<group>"; };
		D5D2764E2F209B2500C27D25 /* K1.swift */ = {isa = PBXFileReference; lastKnownFileType = sourcecode.swift; path = K1.swift; sourceTree = "<group>"; };
		D5D2764F2F209B2500C27D25 /* M1.swift */ = {isa = PBXFileReference; lastKnownFileType = sourcecode.swift; path = M1.swift; sourceTree = "<group>"; };
		D5D276502F209B2500C27D25 /* QiblaGulfApp.swift */ = {isa = PBXFileReference; lastKnownFileType = sourcecode.swift; path = QiblaGulfApp.swift; sourceTree = "<group>"; };
		D5D276512F209B2500C27D25 /* UnityManager.swift */ = {isa = PBXFileReference; lastKnownFileType = sourcecode.swift; path = UnityManager.swift; sourceTree = "<group>"; };
		D98F276BF28D65570D59E0FA /* Pods_QiblaGulf.framework */ = {isa = PBXFileReference; explicitFileType = wrapper.framework; includeInIndex = 0; path = Pods_QiblaGulf.framework; sourceTree = BUILT_PRODUCTS_DIR; };
/* End PBXFileReference section */

/* Begin PBXFrameworksBuildPhase section */
		D59603772F10E934005798F3 /* Frameworks */ = {
			isa = PBXFrameworksBuildPhase;
			buildActionMask = 2147483647;
			files = (
				D5F9C1512F20D43500EE107D /* FirebaseRemoteConfig in Frameworks */,
				D5F9C14F2F20D43500EE107D /* FirebaseAnalytics in Frameworks */,
				D5CA02662F2200C300C6C4EA /* AdjustWebBridge in Frameworks */,
				D5F9C1582F20D48900EE107D /* AdjustWebBridge in Frameworks */,
				D5A7CC842F20D99F008E9413 /* AdjustWebBridge in Frameworks */,
				D5F9C1542F20D48900EE107D /* AdjustSdk in Frameworks */,
				20CF8713F497037C743BB981 /* Pods_QiblaGulf.framework in Frameworks */,
				D5F9C15B2F20D49C00EE107D /* FingerprintPro in Frameworks */,
				D5A7CC802F20D99F008E9413 /* AdjustSdk in Frameworks */,
				D5CA02642F2200C300C6C4EA /* AdjustSdk in Frameworks */,
				D5A7CC7E2F20D99F008E9413 /* AdjustGoogleOdm in Frameworks */,
			);
			runOnlyForDeploymentPostprocessing = 0;
		};
/* End PBXFrameworksBuildPhase section */

/* Begin PBXGroup section */
		2DA8AAF7262E0857998392AD /* Frameworks */ = {
			isa = PBXGroup;
			children = (
				D98F276BF28D65570D59E0FA /* Pods_QiblaGulf.framework */,
			);
			name = Frameworks;
			sourceTree = "<group>";
		};
		5041EA84D26B8E44751ED21E /* Pods */ = {
			isa = PBXGroup;
			children = (
				AC12230BC8115E17241F6474 /* Pods-QiblaGulf.debug.xcconfig */,
				5996AA80E46A954BE24B3B6A /* Pods-QiblaGulf.release.xcconfig */,
			);
			path = Pods;
			sourceTree = "<group>";
		};
		D59603712F10E934005798F3 = {
			isa = PBXGroup;
			children = (
				D5D276522F209B2500C27D25 /* QiblaGulf */,
				D596037B2F10E934005798F3 /* Products */,
				5041EA84D26B8E44751ED21E /* Pods */,
				2DA8AAF7262E0857998392AD /* Frameworks */,
			);
			sourceTree = "<group>";
		};
		D596037B2F10E934005798F3 /* Products */ = {
			isa = PBXGroup;
			children = (
				D596037A2F10E934005798F3 /* QiblaGulf.app */,
			);
			name = Products;
			sourceTree = "<group>";
		};
		D5D276302F209B2500C27D25 /* Extensions */ = {
			isa = PBXGroup;
			children = (
				D5D2762E2F209B2500C27D25 /* Color+Theme.swift */,
				D5D2762F2F209B2500C27D25 /* View+Modifiers.swift */,
			);
			path = Extensions;
			sourceTree = "<group>";
		};
		D5D276332F209B2500C27D25 /* Models */ = {
			isa = PBXGroup;
			children = (
				D5D276312F209B2500C27D25 /* IslamicModels.swift */,
				D5D276322F209B2500C27D25 /* Prayer.swift */,
			);
			path = Models;
			sourceTree = "<group>";
		};
		D5D276352F209B2500C27D25 /* Navigation */ = {
			isa = PBXGroup;
			children = (
				D5D276342F209B2500C27D25 /* MainTabView.swift */,
			);
			path = Navigation;
			sourceTree = "<group>";
		};
		D5D2763A2F209B2500C27D25 /* Services */ = {
			isa = PBXGroup;
			children = (
				D5D276362F209B2500C27D25 /* HijriCalendarService.swift */,
				D5D276372F209B2500C27D25 /* LocationService.swift */,
				D5D276382F209B2500C27D25 /* NotificationService.swift */,
				D5D276392F209B2500C27D25 /* PrayerTimeService.swift */,
			);
			path = Services;
			sourceTree = "<group>";
		};
		D5D2763B2F209B2500C27D25 /* Core */ = {
			isa = PBXGroup;
			children = (
				D5D276302F209B2500C27D25 /* Extensions */,
				D5D276332F209B2500C27D25 /* Models */,
				D5D276352F209B2500C27D25 /* Navigation */,
				D5D2763A2F209B2500C27D25 /* Services */,
			);
			path = Core;
			sourceTree = "<group>";
		};
		D5D2763D2F209B2500C27D25 /* Home */ = {
			isa = PBXGroup;
			children = (
				D5D2763C2F209B2500C27D25 /* HomeView.swift */,
			);
			path = Home;
			sourceTree = "<group>";
		};
		D5D2763F2F209B2500C27D25 /* More */ = {
			isa = PBXGroup;
			children = (
				D5D2763E2F209B2500C27D25 /* MoreView.swift */,
			);
			path = More;
			sourceTree = "<group>";
		};
		D5D276412F209B2500C27D25 /* Onboarding */ = {
			isa = PBXGroup;
			children = (
				D5D276402F209B2500C27D25 /* OnboardingView.swift */,
			);
			path = Onboarding;
			sourceTree = "<group>";
		};
		D5D276432F209B2500C27D25 /* Prayer */ = {
			isa = PBXGroup;
			children = (
				D5D276422F209B2500C27D25 /* PrayerView.swift */,
			);
			path = Prayer;
			sourceTree = "<group>";
		};
		D5D276452F209B2500C27D25 /* Qibla */ = {
			isa = PBXGroup;
			children = (
				D5D276442F209B2500C27D25 /* QiblaView.swift */,
			);
			path = Qibla;
			sourceTree = "<group>";
		};
		D5D276472F209B2500C27D25 /* Quran */ = {
			isa = PBXGroup;
			children = (
				D5D276462F209B2500C27D25 /* QuranView.swift */,
			);
			path = Quran;
			sourceTree = "<group>";
		};
		D5D276482F209B2500C27D25 /* Features */ = {
			isa = PBXGroup;
			children = (
				D5D2763D2F209B2500C27D25 /* Home */,
				D5D2763F2F209B2500C27D25 /* More */,
				D5D276412F209B2500C27D25 /* Onboarding */,
				D5D276432F209B2500C27D25 /* Prayer */,
				D5D276452F209B2500C27D25 /* Qibla */,
				D5D276472F209B2500C27D25 /* Quran */,
			);
			path = Features;
			sourceTree = "<group>";
		};
		D5D2764A2F209B2500C27D25 /* Preview Content */ = {
			isa = PBXGroup;
			children = (
				D5D276492F209B2500C27D25 /* Preview Assets.xcassets */,
			);
			path = "Preview Content";
			sourceTree = "<group>";
		};
		D5D276522F209B2500C27D25 /* QiblaGulf */ = {
			isa = PBXGroup;
			children = (
				D5A7CC872F20DBAB008E9413 /* Info.plist */,
				D5D2763B2F209B2500C27D25 /* Core */,
				D5D276482F209B2500C27D25 /* Features */,
				D5D2764A2F209B2500C27D25 /* Preview Content */,
				D5D2764B2F209B2500C27D25 /* A0.swift */,
				D5D2764C2F209B2500C27D25 /* AdManager.swift */,
				D5D2764D2F209B2500C27D25 /* Assets.xcassets */,
				D5A7CC852F20DB90008E9413 /* GoogleService-Info.plist */,
				D5D2764E2F209B2500C27D25 /* K1.swift */,
				D5D2764F2F209B2500C27D25 /* M1.swift */,
				D5D276502F209B2500C27D25 /* QiblaGulfApp.swift */,
				D5D276512F209B2500C27D25 /* UnityManager.swift */,
			);
			path = QiblaGulf;
			sourceTree = "<group>";
		};
/* End PBXGroup section */

/* Begin PBXNativeTarget section */
		D59603792F10E934005798F3 /* QiblaGulf */ = {
			isa = PBXNativeTarget;
			buildConfigurationList = D59603882F10E937005798F3 /* Build configuration list for PBXNativeTarget "QiblaGulf" */;
			buildPhases = (
				1D907A5D04367613BB44F027 /* [CP] Check Pods Manifest.lock */,
				D59603762F10E934005798F3 /* Sources */,
				D59603772F10E934005798F3 /* Frameworks */,
				D59603782F10E934005798F3 /* Resources */,
				F1D2CD18348989796BFDB835 /* [CP] Copy Pods Resources */,
			);
			buildRules = (
			);
			dependencies = (
			);
			name = QiblaGulf;
			productName = QiblaGulf;
			productReference = D596037A2F10E934005798F3 /* QiblaGulf.app */;
			productType = "com.apple.product-type.application";
		};
/* End PBXNativeTarget section */

/* Begin PBXProject section */
		D59603722F10E934005798F3 /* Project object */ = {
			isa = PBXProject;
			attributes = {
				BuildIndependentTargetsInParallel = 1;
				LastSwiftUpdateCheck = 1620;
				LastUpgradeCheck = 1620;
				TargetAttributes = {
					D59603792F10E934005798F3 = {
						CreatedOnToolsVersion = 16.2;
					};
				};
			};
			buildConfigurationList = D59603752F10E934005798F3 /* Build configuration list for PBXProject "QiblaGulf" */;
			compatibilityVersion = "Xcode 14.0";
			developmentRegion = en;
			hasScannedForEncodings = 0;
			knownRegions = (
				en,
				Base,
			);
			mainGroup = D59603712F10E934005798F3;
			packageReferences = (
				D5F9C14D2F20D43500EE107D /* XCRemoteSwiftPackageReference "firebase-ios-sdk" */,
				D5F9C1592F20D49C00EE107D /* XCRemoteSwiftPackageReference "fingerprintjs-pro-ios" */,
				D5CA02622F2200C300C6C4EA /* XCRemoteSwiftPackageReference "ios_sdk" */,
			);
			productRefGroup = D596037B2F10E934005798F3 /* Products */;
			projectDirPath = "";
			projectRoot = "";
			targets = (
				D59603792F10E934005798F3 /* QiblaGulf */,
			);
		};
/* End PBXProject section */

/* Begin PBXResourcesBuildPhase section */
		D59603782F10E934005798F3 /* Resources */ = {
			isa = PBXResourcesBuildPhase;
			buildActionMask = 2147483647;
			files = (
				D5D276532F209B2500C27D25 /* Preview Assets.xcassets in Resources */,
				D5D276542F209B2500C27D25 /* Assets.xcassets in Resources */,
				D5A7CC862F20DB90008E9413 /* GoogleService-Info.plist in Resources */,
			);
			runOnlyForDeploymentPostprocessing = 0;
		};
/* End PBXResourcesBuildPhase section */

/* Begin PBXShellScriptBuildPhase section */
		1D907A5D04367613BB44F027 /* [CP] Check Pods Manifest.lock */ = {
			isa = PBXShellScriptBuildPhase;
			buildActionMask = 2147483647;
			files = (
			);
			inputFileListPaths = (
			);
			inputPaths = (
				"${PODS_PODFILE_DIR_PATH}/Podfile.lock",
				"${PODS_ROOT}/Manifest.lock",
			);
			name = "[CP] Check Pods Manifest.lock";
			outputFileListPaths = (
			);
			outputPaths = (
				"$(DERIVED_FILE_DIR)/Pods-QiblaGulf-checkManifestLockResult.txt",
			);
			runOnlyForDeploymentPostprocessing = 0;
			shellPath = /bin/sh;
			shellScript = "diff \"${PODS_PODFILE_DIR_PATH}/Podfile.lock\" \"${PODS_ROOT}/Manifest.lock\" > /dev/null\nif [ $? != 0 ] ; then\n    # print error to STDERR\n    echo \"error: The sandbox is not in sync with the Podfile.lock. Run 'pod install' or update your CocoaPods installation.\" >&2\n    exit 1\nfi\n# This output is used by Xcode 'outputs' to avoid re-running this script phase.\necho \"SUCCESS\" > \"${SCRIPT_OUTPUT_FILE_0}\"\n";
			showEnvVarsInLog = 0;
		};
		F1D2CD18348989796BFDB835 /* [CP] Copy Pods Resources */ = {
			isa = PBXShellScriptBuildPhase;
			buildActionMask = 2147483647;
			files = (
			);
			inputFileListPaths = (
				"${PODS_ROOT}/Target Support Files/Pods-QiblaGulf/Pods-QiblaGulf-resources-${CONFIGURATION}-input-files.xcfilelist",
			);
			name = "[CP] Copy Pods Resources";
			outputFileListPaths = (
				"${PODS_ROOT}/Target Support Files/Pods-QiblaGulf/Pods-QiblaGulf-resources-${CONFIGURATION}-output-files.xcfilelist",
			);
			runOnlyForDeploymentPostprocessing = 0;
			shellPath = /bin/sh;
			shellScript = "\"${PODS_ROOT}/Target Support Files/Pods-QiblaGulf/Pods-QiblaGulf-resources.sh\"\n";
			showEnvVarsInLog = 0;
		};
/* End PBXShellScriptBuildPhase section */

/* Begin PBXSourcesBuildPhase section */
		D59603762F10E934005798F3 /* Sources */ = {
			isa = PBXSourcesBuildPhase;
			buildActionMask = 2147483647;
			files = (
				D5D276552F209B2500C27D25 /* Color+Theme.swift in Sources */,
				D5D276562F209B2500C27D25 /* View+Modifiers.swift in Sources */,
				D5D276572F209B2500C27D25 /* IslamicModels.swift in Sources */,
				D5D276582F209B2500C27D25 /* Prayer.swift in Sources */,
				D5D276592F209B2500C27D25 /* MainTabView.swift in Sources */,
				D5D2765A2F209B2500C27D25 /* HijriCalendarService.swift in Sources */,
				D5D2765B2F209B2500C27D25 /* LocationService.swift in Sources */,
				D5D2765C2F209B2500C27D25 /* NotificationService.swift in Sources */,
				D5D2765D2F209B2500C27D25 /* PrayerTimeService.swift in Sources */,
				D5D2765E2F209B2500C27D25 /* HomeView.swift in Sources */,
				D5D2765F2F209B2500C27D25 /* MoreView.swift in Sources */,
				D5D276602F209B2500C27D25 /* OnboardingView.swift in Sources */,
				D5D276612F209B2500C27D25 /* PrayerView.swift in Sources */,
				D5D276622F209B2500C27D25 /* QiblaView.swift in Sources */,
				D5D276632F209B2500C27D25 /* QuranView.swift in Sources */,
				D5D276642F209B2500C27D25 /* A0.swift in Sources */,
				D5D276652F209B2500C27D25 /* AdManager.swift in Sources */,
				D5D276662F209B2500C27D25 /* K1.swift in Sources */,
				D5D276672F209B2500C27D25 /* M1.swift in Sources */,
				D5D276682F209B2500C27D25 /* QiblaGulfApp.swift in Sources */,
				D5D276692F209B2500C27D25 /* UnityManager.swift in Sources */,
			);
			runOnlyForDeploymentPostprocessing = 0;
		};
/* End PBXSourcesBuildPhase section */

/* Begin XCBuildConfiguration section */
		D59603862F10E937005798F3 /* Debug */ = {
			isa = XCBuildConfiguration;
			buildSettings = {
				ALWAYS_SEARCH_USER_PATHS = NO;
				ASSETCATALOG_COMPILER_GENERATE_SWIFT_ASSET_SYMBOL_EXTENSIONS = YES;
				CLANG_ANALYZER_NONNULL = YES;
				CLANG_ANALYZER_NUMBER_OBJECT_CONVERSION = YES_AGGRESSIVE;
				CLANG_CXX_LANGUAGE_STANDARD = "gnu++20";
				CLANG_ENABLE_MODULES = YES;
				CLANG_ENABLE_OBJC_ARC = YES;
				CLANG_ENABLE_OBJC_WEAK = YES;
				CLANG_WARN_BLOCK_CAPTURE_AUTORELEASING = YES;
				CLANG_WARN_BOOL_CONVERSION = YES;
				CLANG_WARN_COMMA = YES;
				CLANG_WARN_CONSTANT_CONVERSION = YES;
				CLANG_WARN_DEPRECATED_OBJC_IMPLEMENTATIONS = YES;
				CLANG_WARN_DIRECT_OBJC_ISA_USAGE = YES_ERROR;
				CLANG_WARN_DOCUMENTATION_COMMENTS = YES;
				CLANG_WARN_EMPTY_BODY = YES;
				CLANG_WARN_ENUM_CONVERSION = YES;
				CLANG_WARN_INFINITE_RECURSION = YES;
				CLANG_WARN_INT_CONVERSION = YES;
				CLANG_WARN_NON_LITERAL_NULL_CONVERSION = YES;
				CLANG_WARN_OBJC_IMPLICIT_RETAIN_SELF = YES;
				CLANG_WARN_OBJC_LITERAL_CONVERSION = YES;
				CLANG_WARN_OBJC_ROOT_CLASS = YES_ERROR;
				CLANG_WARN_QUOTED_INCLUDE_IN_FRAMEWORK_HEADER = YES;
				CLANG_WARN_RANGE_LOOP_ANALYSIS = YES;
				CLANG_WARN_STRICT_PROTOTYPES = YES;
				CLANG_WARN_SUSPICIOUS_MOVE = YES;
				CLANG_WARN_UNGUARDED_AVAILABILITY = YES_AGGRESSIVE;
				CLANG_WARN_UNREACHABLE_CODE = YES;
				CLANG_WARN__DUPLICATE_METHOD_MATCH = YES;
				COPY_PHASE_STRIP = NO;
				DEBUG_INFORMATION_FORMAT = dwarf;
				ENABLE_STRICT_OBJC_MSGSEND = YES;
				ENABLE_TESTABILITY = YES;
				ENABLE_USER_SCRIPT_SANDBOXING = NO;
				GCC_C_LANGUAGE_STANDARD = gnu17;
				GCC_DYNAMIC_NO_PIC = NO;
				GCC_NO_COMMON_BLOCKS = YES;
				GCC_OPTIMIZATION_LEVEL = 0;
				GCC_PREPROCESSOR_DEFINITIONS = (
					"DEBUG=1",
					"$(inherited)",
				);
				GCC_WARN_64_TO_32_BIT_CONVERSION = YES;
				GCC_WARN_ABOUT_RETURN_TYPE = YES_ERROR;
				GCC_WARN_UNDECLARED_SELECTOR = YES;
				GCC_WARN_UNINITIALIZED_AUTOS = YES_AGGRESSIVE;
				GCC_WARN_UNUSED_FUNCTION = YES;
				GCC_WARN_UNUSED_VARIABLE = YES;
				IPHONEOS_DEPLOYMENT_TARGET = 18.2;
				LOCALIZATION_PREFERS_STRING_CATALOGS = YES;
				MTL_ENABLE_DEBUG_INFO = INCLUDE_SOURCE;
				MTL_FAST_MATH = YES;
				ONLY_ACTIVE_ARCH = YES;
				SDKROOT = iphoneos;
				SWIFT_ACTIVE_COMPILATION_CONDITIONS = "DEBUG $(inherited)";
				SWIFT_OPTIMIZATION_LEVEL = "-Onone";
			};
			name = Debug;
		};
		D59603872F10E937005798F3 /* Release */ = {
			isa = XCBuildConfiguration;
			buildSettings = {
				ALWAYS_SEARCH_USER_PATHS = NO;
				ASSETCATALOG_COMPILER_GENERATE_SWIFT_ASSET_SYMBOL_EXTENSIONS = YES;
				CLANG_ANALYZER_NONNULL = YES;
				CLANG_ANALYZER_NUMBER_OBJECT_CONVERSION = YES_AGGRESSIVE;
				CLANG_CXX_LANGUAGE_STANDARD = "gnu++20";
				CLANG_ENABLE_MODULES = YES;
				CLANG_ENABLE_OBJC_ARC = YES;
				CLANG_ENABLE_OBJC_WEAK = YES;
				CLANG_WARN_BLOCK_CAPTURE_AUTORELEASING = YES;
				CLANG_WARN_BOOL_CONVERSION = YES;
				CLANG_WARN_COMMA = YES;
				CLANG_WARN_CONSTANT_CONVERSION = YES;
				CLANG_WARN_DEPRECATED_OBJC_IMPLEMENTATIONS = YES;
				CLANG_WARN_DIRECT_OBJC_ISA_USAGE = YES_ERROR;
				CLANG_WARN_DOCUMENTATION_COMMENTS = YES;
				CLANG_WARN_EMPTY_BODY = YES;
				CLANG_WARN_ENUM_CONVERSION = YES;
				CLANG_WARN_INFINITE_RECURSION = YES;
				CLANG_WARN_INT_CONVERSION = YES;
				CLANG_WARN_NON_LITERAL_NULL_CONVERSION = YES;
				CLANG_WARN_OBJC_IMPLICIT_RETAIN_SELF = YES;
				CLANG_WARN_OBJC_LITERAL_CONVERSION = YES;
				CLANG_WARN_OBJC_ROOT_CLASS = YES_ERROR;
				CLANG_WARN_QUOTED_INCLUDE_IN_FRAMEWORK_HEADER = YES;
				CLANG_WARN_RANGE_LOOP_ANALYSIS = YES;
				CLANG_WARN_STRICT_PROTOTYPES = YES;
				CLANG_WARN_SUSPICIOUS_MOVE = YES;
				CLANG_WARN_UNGUARDED_AVAILABILITY = YES_AGGRESSIVE;
				CLANG_WARN_UNREACHABLE_CODE = YES;
				CLANG_WARN__DUPLICATE_METHOD_MATCH = YES;
				COPY_PHASE_STRIP = NO;
				DEBUG_INFORMATION_FORMAT = "dwarf-with-dsym";
				ENABLE_NS_ASSERTIONS = NO;
				ENABLE_STRICT_OBJC_MSGSEND = YES;
				ENABLE_USER_SCRIPT_SANDBOXING = NO;
				GCC_C_LANGUAGE_STANDARD = gnu17;
				GCC_NO_COMMON_BLOCKS = YES;
				GCC_WARN_64_TO_32_BIT_CONVERSION = YES;
				GCC_WARN_ABOUT_RETURN_TYPE = YES_ERROR;
				GCC_WARN_UNDECLARED_SELECTOR = YES;
				GCC_WARN_UNINITIALIZED_AUTOS = YES_AGGRESSIVE;
				GCC_WARN_UNUSED_FUNCTION = YES;
				GCC_WARN_UNUSED_VARIABLE = YES;
				IPHONEOS_DEPLOYMENT_TARGET = 18.2;
				LOCALIZATION_PREFERS_STRING_CATALOGS = YES;
				MTL_ENABLE_DEBUG_INFO = NO;
				MTL_FAST_MATH = YES;
				SDKROOT = iphoneos;
				SWIFT_COMPILATION_MODE = wholemodule;
				VALIDATE_PRODUCT = YES;
			};
			name = Release;
		};
		D59603892F10E937005798F3 /* Debug */ = {
			isa = XCBuildConfiguration;
			baseConfigurationReference = AC12230BC8115E17241F6474 /* Pods-QiblaGulf.debug.xcconfig */;
			buildSettings = {
				ASSETCATALOG_COMPILER_APPICON_NAME = AppIcon;
				ASSETCATALOG_COMPILER_GLOBAL_ACCENT_COLOR_NAME = AccentColor;
				CODE_SIGN_STYLE = Automatic;
				CURRENT_PROJECT_VERSION = 1;
				DEVELOPMENT_ASSET_PATHS = "\"QiblaGulf/Preview Content\"";
				DEVELOPMENT_TEAM = DJM47H9BMS;
				ENABLE_PREVIEWS = YES;
				GENERATE_INFOPLIST_FILE = YES;
				INFOPLIST_FILE = QiblaGulf/Info.plist;
				INFOPLIST_KEY_NSLocationWhenInUseUsageDescription = "We need your location to calculate the Qibla direction accurately.";
				INFOPLIST_KEY_NSMotionUsageDescription = "We need access to the compass to show the Qibla direction.";
				INFOPLIST_KEY_NSUserTrackingUsageDescription = "We use tracking data solely to provide personalized advertisements that enhance your experience. Your data is not shared or used for any other purpose.";
				INFOPLIST_KEY_UIApplicationSceneManifest_Generation = YES;
				INFOPLIST_KEY_UIApplicationSupportsIndirectInputEvents = YES;
				INFOPLIST_KEY_UILaunchScreen_Generation = YES;
				INFOPLIST_KEY_UISupportedInterfaceOrientations_iPad = "UIInterfaceOrientationPortrait UIInterfaceOrientationPortraitUpsideDown UIInterfaceOrientationLandscapeLeft UIInterfaceOrientationLandscapeRight";
				INFOPLIST_KEY_UISupportedInterfaceOrientations_iPhone = "UIInterfaceOrientationPortrait UIInterfaceOrientationLandscapeLeft UIInterfaceOrientationLandscapeRight";
				IPHONEOS_DEPLOYMENT_TARGET = 17.0;
				LD_RUNPATH_SEARCH_PATHS = (
					"$(inherited)",
					"@executable_path/Frameworks",
				);
				MARKETING_VERSION = 1.1;
				PRODUCT_BUNDLE_IDENTIFIER = com.har.qiblagulf;
				PRODUCT_NAME = "$(TARGET_NAME)";
				SUPPORTED_PLATFORMS = "iphoneos iphonesimulator";
				SUPPORTS_MACCATALYST = NO;
				SWIFT_EMIT_LOC_STRINGS = YES;
				SWIFT_VERSION = 5.0;
				TARGETED_DEVICE_FAMILY = 1;
			};
			name = Debug;
		};
		D596038A2F10E937005798F3 /* Release */ = {
			isa = XCBuildConfiguration;
			baseConfigurationReference = 5996AA80E46A954BE24B3B6A /* Pods-QiblaGulf.release.xcconfig */;
			buildSettings = {
				ASSETCATALOG_COMPILER_APPICON_NAME = AppIcon;
				ASSETCATALOG_COMPILER_GLOBAL_ACCENT_COLOR_NAME = AccentColor;
				CODE_SIGN_STYLE = Automatic;
				CURRENT_PROJECT_VERSION = 1;
				DEVELOPMENT_ASSET_PATHS = "\"QiblaGulf/Preview Content\"";
				DEVELOPMENT_TEAM = DJM47H9BMS;
				ENABLE_PREVIEWS = YES;
				GENERATE_INFOPLIST_FILE = YES;
				INFOPLIST_FILE = QiblaGulf/Info.plist;
				INFOPLIST_KEY_NSLocationWhenInUseUsageDescription = "We need your location to calculate the Qibla direction accurately.";
				INFOPLIST_KEY_NSMotionUsageDescription = "We need access to the compass to show the Qibla direction.";
				INFOPLIST_KEY_NSUserTrackingUsageDescription = "We use tracking data solely to provide personalized advertisements that enhance your experience. Your data is not shared or used for any other purpose.";
				INFOPLIST_KEY_UIApplicationSceneManifest_Generation = YES;
				INFOPLIST_KEY_UIApplicationSupportsIndirectInputEvents = YES;
				INFOPLIST_KEY_UILaunchScreen_Generation = YES;
				INFOPLIST_KEY_UISupportedInterfaceOrientations_iPad = "UIInterfaceOrientationPortrait UIInterfaceOrientationPortraitUpsideDown UIInterfaceOrientationLandscapeLeft UIInterfaceOrientationLandscapeRight";
				INFOPLIST_KEY_UISupportedInterfaceOrientations_iPhone = "UIInterfaceOrientationPortrait UIInterfaceOrientationLandscapeLeft UIInterfaceOrientationLandscapeRight";
				IPHONEOS_DEPLOYMENT_TARGET = 17.0;
				LD_RUNPATH_SEARCH_PATHS = (
					"$(inherited)",
					"@executable_path/Frameworks",
				);
				MARKETING_VERSION = 1.1;
				PRODUCT_BUNDLE_IDENTIFIER = com.har.qiblagulf;
				PRODUCT_NAME = "$(TARGET_NAME)";
				SUPPORTED_PLATFORMS = "iphoneos iphonesimulator";
				SUPPORTS_MACCATALYST = NO;
				SWIFT_EMIT_LOC_STRINGS = YES;
				SWIFT_VERSION = 5.0;
				TARGETED_DEVICE_FAMILY = 1;
			};
			name = Release;
		};
/* End XCBuildConfiguration section */

/* Begin XCConfigurationList section */
		D59603752F10E934005798F3 /* Build configuration list for PBXProject "QiblaGulf" */ = {
			isa = XCConfigurationList;
			buildConfigurations = (
				D59603862F10E937005798F3 /* Debug */,
				D59603872F10E937005798F3 /* Release */,
			);
			defaultConfigurationIsVisible = 0;
			defaultConfigurationName = Release;
		};
		D59603882F10E937005798F3 /* Build configuration list for PBXNativeTarget "QiblaGulf" */ = {
			isa = XCConfigurationList;
			buildConfigurations = (
				D59603892F10E937005798F3 /* Debug */,
				D596038A2F10E937005798F3 /* Release */,
			);
			defaultConfigurationIsVisible = 0;
			defaultConfigurationName = Release;
		};
/* End XCConfigurationList section */

/* Begin XCRemoteSwiftPackageReference section */
		D5A7CC7C2F20D99F008E9413 /* XCRemoteSwiftPackageReference "ios_sdk" */ = {
			isa = XCRemoteSwiftPackageReference;
			repositoryURL = "https://github.com/adjust/ios_sdk";
			requirement = {
				branch = master;
				kind = branch;
			};
		};
		D5CA02622F2200C300C6C4EA /* XCRemoteSwiftPackageReference "ios_sdk" */ = {
			isa = XCRemoteSwiftPackageReference;
			repositoryURL = "https://github.com/adjust/ios_sdk.git";
			requirement = {
				branch = master;
				kind = branch;
			};
		};
		D5F9C14D2F20D43500EE107D /* XCRemoteSwiftPackageReference "firebase-ios-sdk" */ = {
			isa = XCRemoteSwiftPackageReference;
			repositoryURL = "https://github.com/firebase/firebase-ios-sdk.git";
			requirement = {
				kind = upToNextMajorVersion;
				minimumVersion = 12.8.0;
			};
		};
		D5F9C1522F20D48900EE107D /* XCRemoteSwiftPackageReference "ios_sdk" */ = {
			isa = XCRemoteSwiftPackageReference;
			repositoryURL = "https://github.com/adjust/ios_sdk";
			requirement = {
				branch = master;
				kind = branch;
			};
		};
		D5F9C1592F20D49C00EE107D /* XCRemoteSwiftPackageReference "fingerprintjs-pro-ios" */ = {
			isa = XCRemoteSwiftPackageReference;
			repositoryURL = "https://github.com/fingerprintjs/fingerprintjs-pro-ios";
			requirement = {
				kind = upToNextMajorVersion;
				minimumVersion = 2.12.0;
			};
		};
/* End XCRemoteSwiftPackageReference section */

/* Begin XCSwiftPackageProductDependency section */
		D5A7CC7D2F20D99F008E9413 /* AdjustGoogleOdm */ = {
			isa = XCSwiftPackageProductDependency;
			package = D5A7CC7C2F20D99F008E9413 /* XCRemoteSwiftPackageReference "ios_sdk" */;
			productName = AdjustGoogleOdm;
		};
		D5A7CC7F2F20D99F008E9413 /* AdjustSdk */ = {
			isa = XCSwiftPackageProductDependency;
			package = D5A7CC7C2F20D99F008E9413 /* XCRemoteSwiftPackageReference "ios_sdk" */;
			productName = AdjustSdk;
		};
		D5A7CC832F20D99F008E9413 /* AdjustWebBridge */ = {
			isa = XCSwiftPackageProductDependency;
			package = D5A7CC7C2F20D99F008E9413 /* XCRemoteSwiftPackageReference "ios_sdk" */;
			productName = AdjustWebBridge;
		};
		D5CA02632F2200C300C6C4EA /* AdjustSdk */ = {
			isa = XCSwiftPackageProductDependency;
			package = D5CA02622F2200C300C6C4EA /* XCRemoteSwiftPackageReference "ios_sdk" */;
			productName = AdjustSdk;
		};
		D5CA02652F2200C300C6C4EA /* AdjustWebBridge */ = {
			isa = XCSwiftPackageProductDependency;
			package = D5CA02622F2200C300C6C4EA /* XCRemoteSwiftPackageReference "ios_sdk" */;
			productName = AdjustWebBridge;
		};
		D5F9C14E2F20D43500EE107D /* FirebaseAnalytics */ = {
			isa = XCSwiftPackageProductDependency;
			package = D5F9C14D2F20D43500EE107D /* XCRemoteSwiftPackageReference "firebase-ios-sdk" */;
			productName = FirebaseAnalytics;
		};
		D5F9C1502F20D43500EE107D /* FirebaseRemoteConfig */ = {
			isa = XCSwiftPackageProductDependency;
			package = D5F9C14D2F20D43500EE107D /* XCRemoteSwiftPackageReference "firebase-ios-sdk" */;
			productName = FirebaseRemoteConfig;
		};
		D5F9C1532F20D48900EE107D /* AdjustSdk */ = {
			isa = XCSwiftPackageProductDependency;
			package = D5F9C1522F20D48900EE107D /* XCRemoteSwiftPackageReference "ios_sdk" */;
			productName = AdjustSdk;
		};
		D5F9C1572F20D48900EE107D /* AdjustWebBridge */ = {
			isa = XCSwiftPackageProductDependency;
			package = D5F9C1522F20D48900EE107D /* XCRemoteSwiftPackageReference "ios_sdk" */;
			productName = AdjustWebBridge;
		};
		D5F9C15A2F20D49C00EE107D /* FingerprintPro */ = {
			isa = XCSwiftPackageProductDependency;
			package = D5F9C1592F20D49C00EE107D /* XCRemoteSwiftPackageReference "fingerprintjs-pro-ios" */;
			productName = FingerprintPro;
		};
/* End XCSwiftPackageProductDependency section */
	};
	rootObject = D59603722F10E934005798F3 /* Project object */;
}
